
Microsoft Visual Studio Solution File, Format Version 12.00
# Visual Studio Version 16
VisualStudioVersion = 16.0.33529.622
MinimumVisualStudioVersion = 10.0.40219.1
Project("{FAE04EC0-301F-11D3-BF4B-00C04F79EFBC}") = "myshoping", "WebApplication39\myshoping.csproj", "{05424F6E-D278-4CB1-A45C-1F5D178D1FD5}"
EndProject
Global
	GlobalSection(SolutionConfigurationPlatforms) = preSolution
		Debug|Any CPU = Debug|Any CPU
		Release|Any CPU = Release|Any CPU
	EndGlobalSection
	GlobalSection(ProjectConfigurationPlatforms) = postSolution
		{05424F6E-D278-4CB1-A45C-1F5D178D1FD5}.Debug|Any CPU.ActiveCfg = Debug|Any CPU
		{05424F6E-D278-4CB1-A45C-1F5D178D1FD5}.Debug|Any CPU.Build.0 = Debug|Any CPU
		{05424F6E-D278-4CB1-A45C-1F5D178D1FD5}.Release|Any CPU.ActiveCfg = Release|Any CPU
		{05424F6E-D278-4CB1-A45C-1F5D178D1FD5}.Release|Any CPU.Build.0 = Release|Any CPU
	EndGlobalSection
	GlobalSection(SolutionProperties) = preSolution
		HideSolutionNode = FALSE
	EndGlobalSection
	GlobalSection(ExtensibilityGlobals) = postSolution
		SolutionGuid = {1C8162AD-34E1-4C67-B796-B1DF07EE5C16}
	EndGlobalSection
EndGlobal
